
Microsoft Visual Studio Solution File, Format Version 12.00
# Visual Studio Version 17
VisualStudioVersion = 17.3.32929.385
MinimumVisualStudioVersion = 10.0.40219.1
Project("{FAE04EC0-301F-11D3-BF4B-00C04F79EFBC}") = "SearchAlgorithm", "SearchAlgorithm\SearchAlgorithm.csproj", "{64D57F42-E43E-4D0F-AFB3-D82C6DCE6F51}"
EndProject
Global
	GlobalSection(SolutionConfigurationPlatforms) = preSolution
		Debug|Any CPU = Debug|Any CPU
		Release|Any CPU = Release|Any CPU
	EndGlobalSection
	GlobalSection(ProjectConfigurationPlatforms) = postSolution
		{64D57F42-E43E-4D0F-AFB3-D82C6DCE6F51}.Debug|Any CPU.ActiveCfg = Debug|Any CPU
		{64D57F42-E43E-4D0F-AFB3-D82C6DCE6F51}.Debug|Any CPU.Build.0 = Debug|Any CPU
		{64D57F42-E43E-4D0F-AFB3-D82C6DCE6F51}.Release|Any CPU.ActiveCfg = Release|Any CPU
		{64D57F42-E43E-4D0F-AFB3-D82C6DCE6F51}.Release|Any CPU.Build.0 = Release|Any CPU
	EndGlobalSection
	GlobalSection(SolutionProperties) = preSolution
		HideSolutionNode = FALSE
	EndGlobalSection
	GlobalSection(ExtensibilityGlobals) = postSolution
		SolutionGuid = {350CA8B5-C573-4F4A-ACD2-6F2C2FA9A9FB}
	EndGlobalSection
EndGlobal
